// !$*UTF8*$!
{
	archiveVersion = 1;
	classes = {
	};
	objectVersion = 50;
	objects = {

/* Begin PBXBuildFile section */
		F64795B622E0D61100C7415B /* AppDelegate.swift in Sources */ = {isa = PBXBuildFile; fileRef = F64795B522E0D61100C7415B /* AppDelegate.swift */; };
		F64795B822E0D61100C7415B /* GameScene.sks in Resources */ = {isa = PBXBuildFile; fileRef = F64795B722E0D61100C7415B /* GameScene.sks */; };
		F64795BA22E0D61100C7415B /* Actions.sks in Resources */ = {isa = PBXBuildFile; fileRef = F64795B922E0D61100C7415B /* Actions.sks */; };
		F64795BC22E0D61100C7415B /* GameScene.swift in Sources */ = {isa = PBXBuildFile; fileRef = F64795BB22E0D61100C7415B /* GameScene.swift */; };
		F64795BE22E0D61100C7415B /* GameViewController.swift in Sources */ = {isa = PBXBuildFile; fileRef = F64795BD22E0D61100C7415B /* GameViewController.swift */; };
		F64795C122E0D61100C7415B /* Main.storyboard in Resources */ = {isa = PBXBuildFile; fileRef = F64795BF22E0D61100C7415B /* Main.storyboard */; };
		F64795C322E0D61100C7415B /* Assets.xcassets in Resources */ = {isa = PBXBuildFile; fileRef = F64795C222E0D61100C7415B /* Assets.xcassets */; };
		F64795C622E0D61100C7415B /* LaunchScreen.storyboard in Resources */ = {isa = PBXBuildFile; fileRef = F64795C422E0D61100C7415B /* LaunchScreen.storyboard */; };
/* End PBXBuildFile section */

/* Begin PBXFileReference section */
		F64795B222E0D61100C7415B /* Snake2.app */ = {isa = PBXFileReference; explicitFileType = wrapper.application; includeInIndex = 0; path = Snake2.app; sourceTree = BUILT_PRODUCTS_DIR; };
		F64795B522E0D61100C7415B /* AppDelegate.swift */ = {isa = PBXFileReference; lastKnownFileType = sourcecode.swift; path = AppDelegate.swift; sourceTree = "<group>"; };
		F64795B722E0D61100C7415B /* GameScene.sks */ = {isa = PBXFileReference; lastKnownFileType = file.sks; path = GameScene.sks; sourceTree = "<group>"; };
		F64795B922E0D61100C7415B /* Actions.sks */ = {isa = PBXFileReference; lastKnownFileType = file.sks; path = Actions.sks; sourceTree = "<group>"; };
		F64795BB22E0D61100C7415B /* GameScene.swift */ = {isa = PBXFileReference; lastKnownFileType = sourcecode.swift; path = GameScene.swift; sourceTree = "<group>"; };
		F64795BD22E0D61100C7415B /* GameViewController.swift */ = {isa = PBXFileReference; lastKnownFileType = sourcecode.swift; path = GameViewController.swift; sourceTree = "<group>"; };
		F64795C022E0D61100C7415B /* Base */ = {isa = PBXFileReference; lastKnownFileType = file.storyboard; name = Base; path = Base.lproj/Main.storyboard; sourceTree = "<group>"; };
		F64795C222E0D61100C7415B /* Assets.xcassets */ = {isa = PBXFileReference; lastKnownFileType = folder.assetcatalog; path = Assets.xcassets; sourceTree = "<group>"; };
		F64795C522E0D61100C7415B /* Base */ = {isa = PBXFileReference; lastKnownFileType = file.storyboard; name = Base; path = Base.lproj/LaunchScreen.storyboard; sourceTree = "<group>"; };
		F64795C722E0D61100C7415B /* Info.plist */ = {isa = PBXFileReference; lastKnownFileType = text.plist.xml; path = Info.plist; sourceTree = "<group>"; };
/* End PBXFileReference section */

/* Begin PBXFrameworksBuildPhase section */
		F64795AF22E0D61100C7415B /* Frameworks */ = {
			isa = PBXFrameworksBuildPhase;
			buildActionMask = 2147483647;
			files = (
			);
			runOnlyForDeploymentPostprocessing = 0;
		};
/* End PBXFrameworksBuildPhase section */

/* Begin PBXGroup section */
		F64795A922E0D61100C7415B = {
			isa = PBXGroup;
			children = (
				F64795B422E0D61100C7415B /* Snake2 */,
				F64795B322E0D61100C7415B /* Products */,
			);
			sourceTree = "<group>";
		};
		F64795B322E0D61100C7415B /* Products */ = {
			isa = PBXGroup;
			children = (
				F64795B222E0D61100C7415B /* Snake2.app */,
			);
			name = Products;
			sourceTree = "<group>";
		};
		F64795B422E0D61100C7415B /* Snake2 */ = {
			isa = PBXGroup;
			children = (
				F64795B522E0D61100C7415B /* AppDelegate.swift */,
				F64795B722E0D61100C7415B /* GameScene.sks */,
				F64795B922E0D61100C7415B /* Actions.sks */,
				F64795BB22E0D61100C7415B /* GameScene.swift */,
				F64795BD22E0D61100C7415B /* GameViewController.swift */,
				F64795BF22E0D61100C7415B /* Main.storyboard */,
				F64795C222E0D61100C7415B /* Assets.xcassets */,
				F64795C422E0D61100C7415B /* LaunchScreen.storyboard */,
				F64795C722E0D61100C7415B /* Info.plist */,
			);
			path = Snake2;
			sourceTree = "<group>";
		};
/* End PBXGroup section */

/* Begin PBXNativeTarget section */
		F64795B122E0D61100C7415B /* Snake2 */ = {
			isa = PBXNativeTarget;
			buildConfigurationList = F64795CA22E0D61100C7415B /* Build configuration list for PBXNativeTarget "Snake2" */;
			buildPhases = (
				F64795AE22E0D61100C7415B /* Sources */,
				F64795AF22E0D61100C7415B /* Frameworks */,
				F64795B022E0D61100C7415B /* Resources */,
			);
			buildRules = (
			);
			dependencies = (
			);
			name = Snake2;
			productName = Snake2;
			productReference = F64795B222E0D61100C7415B /* Snake2.app */;
			productType = "com.apple.product-type.application";
		};
/* End PBXNativeTarget section */

/* Begin PBXProject section */
		F64795AA22E0D61100C7415B /* Project object */ = {
			isa = PBXProject;
			attributes = {
				LastSwiftUpdateCheck = 1020;
				LastUpgradeCheck = 1020;
				ORGANIZATIONNAME = AlbertLLC;
				TargetAttributes = {
					F64795B122E0D61100C7415B = {
						CreatedOnToolsVersion = 10.2;
					};
				};
			};
			buildConfigurationList = F64795AD22E0D61100C7415B /* Build configuration list for PBXProject "Snake2" */;
			compatibilityVersion = "Xcode 9.3";
			developmentRegion = en;
			hasScannedForEncodings = 0;
			knownRegions = (
				en,
				Base,
			);
			mainGroup = F64795A922E0D61100C7415B;
			productRefGroup = F64795B322E0D61100C7415B /* Products */;
			projectDirPath = "";
			projectRoot = "";
			targets = (
				F64795B122E0D61100C7415B /* Snake2 */,
			);
		};
/* End PBXProject section */

/* Begin PBXResourcesBuildPhase section */
		F64795B022E0D61100C7415B /* Resources */ = {
			isa = PBXResourcesBuildPhase;
			buildActionMask = 2147483647;
			files = (
				F64795C122E0D61100C7415B /* Main.storyboard in Resources */,
				F64795B822E0D61100C7415B /* GameScene.sks in Resources */,
				F64795C322E0D61100C7415B /* Assets.xcassets in Resources */,
				F64795C622E0D61100C7415B /* LaunchScreen.storyboard in Resources */,
				F64795BA22E0D61100C7415B /* Actions.sks in Resources */,
			);
			runOnlyForDeploymentPostprocessing = 0;
		};
/* End PBXResourcesBuildPhase section */

/* Begin PBXSourcesBuildPhase section */
		F64795AE22E0D61100C7415B /* Sources */ = {
			isa = PBXSourcesBuildPhase;
			buildActionMask = 2147483647;
			files = (
				F64795BC22E0D61100C7415B /* GameScene.swift in Sources */,
				F64795BE22E0D61100C7415B /* GameViewController.swift in Sources */,
				F64795B622E0D61100C7415B /* AppDelegate.swift in Sources */,
			);
			runOnlyForDeploymentPostprocessing = 0;
		};
/* End PBXSourcesBuildPhase section */

/* Begin PBXVariantGroup section */
		F64795BF22E0D61100C7415B /* Main.storyboard */ = {
			isa = PBXVariantGroup;
			children = (
				F64795C022E0D61100C7415B /* Base */,
			);
			name = Main.storyboard;
			sourceTree = "<group>";
		};
		F64795C422E0D61100C7415B /* LaunchScreen.storyboard */ = {
			isa = PBXVariantGroup;
			children = (
				F64795C522E0D61100C7415B /* Base */,
			);
			name = LaunchScreen.storyboard;
			sourceTree = "<group>";
		};
/* End PBXVariantGroup section */

/* Begin XCBuildConfiguration section */
		F64795C822E0D61100C7415B /* Debug */ = {
			isa = XCBuildConfiguration;
			buildSettings = {
				ALWAYS_SEARCH_USER_PATHS = NO;
				CLANG_ANALYZER_NONNULL = YES;
				CLANG_ANALYZER_NUMBER_OBJECT_CONVERSION = YES_AGGRESSIVE;
				CLANG_CXX_LANGUAGE_STANDARD = "gnu++14";
				CLANG_CXX_LIBRARY = "libc++";
				CLANG_ENABLE_MODULES = YES;
				CLANG_ENABLE_OBJC_ARC = YES;
				CLANG_ENABLE_OBJC_WEAK = YES;
				CLANG_WARN_BLOCK_CAPTURE_AUTORELEASING = YES;
				CLANG_WARN_BOOL_CONVERSION = YES;
				CLANG_WARN_COMMA = YES;
				CLANG_WARN_CONSTANT_CONVERSION = YES;
				CLANG_WARN_DEPRECATED_OBJC_IMPLEMENTATIONS = YES;
				CLANG_WARN_DIRECT_OBJC_ISA_USAGE = YES_ERROR;
				CLANG_WARN_DOCUMENTATION_COMMENTS = YES;
				CLANG_WARN_EMPTY_BODY = YES;
				CLANG_WARN_ENUM_CONVERSION = YES;
				CLANG_WARN_INFINITE_RECURSION = YES;
				CLANG_WARN_INT_CONVERSION = YES;
				CLANG_WARN_NON_LITERAL_NULL_CONVERSION = YES;
				CLANG_WARN_OBJC_IMPLICIT_RETAIN_SELF = YES;
				CLANG_WARN_OBJC_LITERAL_CONVERSION = YES;
				CLANG_WARN_OBJC_ROOT_CLASS = YES_ERROR;
				CLANG_WARN_RANGE_LOOP_ANALYSIS = YES;
				CLANG_WARN_STRICT_PROTOTYPES = YES;
				CLANG_WARN_SUSPICIOUS_MOVE = YES;
				CLANG_WARN_UNGUARDED_AVAILABILITY = YES_AGGRESSIVE;
				CLANG_WARN_UNREACHABLE_CODE = YES;
				CLANG_WARN__DUPLICATE_METHOD_MATCH = YES;
				CODE_SIGN_IDENTITY = "iPhone Developer";
				COPY_PHASE_STRIP = NO;
				DEBUG_INFORMATION_FORMAT = dwarf;
				ENABLE_STRICT_OBJC_MSGSEND = YES;
				ENABLE_TESTABILITY = YES;
				GCC_C_LANGUAGE_STANDARD = gnu11;
				GCC_DYNAMIC_NO_PIC = NO;
				GCC_NO_COMMON_BLOCKS = YES;
				GCC_OPTIMIZATION_LEVEL = 0;
				GCC_PREPROCESSOR_DEFINITIONS = (
					"DEBUG=1",
					"$(inherited)",
				);
				GCC_WARN_64_TO_32_BIT_CONVERSION = YES;
				GCC_WARN_ABOUT_RETURN_TYPE = YES_ERROR;
				GCC_WARN_UNDECLARED_SELECTOR = YES;
				GCC_WARN_UNINITIALIZED_AUTOS = YES_AGGRESSIVE;
				GCC_WARN_UNUSED_FUNCTION = YES;
				GCC_WARN_UNUSED_VARIABLE = YES;
				IPHONEOS_DEPLOYMENT_TARGET = 12.2;
				MTL_ENABLE_DEBUG_INFO = INCLUDE_SOURCE;
				MTL_FAST_MATH = YES;
				ONLY_ACTIVE_ARCH = YES;
				SDKROOT = iphoneos;
				SWIFT_ACTIVE_COMPILATION_CONDITIONS = DEBUG;
				SWIFT_OPTIMIZATION_LEVEL = "-Onone";
			};
			name = Debug;
		};
		F64795C922E0D61100C7415B /* Release */ = {
			isa = XCBuildConfiguration;
			buildSettings = {
				ALWAYS_SEARCH_USER_PATHS = NO;
				CLANG_ANALYZER_NONNULL = YES;
				CLANG_ANALYZER_NUMBER_OBJECT_CONVERSION = YES_AGGRESSIVE;
				CLANG_CXX_LANGUAGE_STANDARD = "gnu++14";
				CLANG_CXX_LIBRARY = "libc++";
				CLANG_ENABLE_MODULES = YES;
				CLANG_ENABLE_OBJC_ARC = YES;
				CLANG_ENABLE_OBJC_WEAK = YES;
				CLANG_WARN_BLOCK_CAPTURE_AUTORELEASING = YES;
				CLANG_WARN_BOOL_CONVERSION = YES;
				CLANG_WARN_COMMA = YES;
				CLANG_WARN_CONSTANT_CONVERSION = YES;
				CLANG_WARN_DEPRECATED_OBJC_IMPLEMENTATIONS = YES;
				CLANG_WARN_DIRECT_OBJC_ISA_USAGE = YES_ERROR;
				CLANG_WARN_DOCUMENTATION_COMMENTS = YES;
				CLANG_WARN_EMPTY_BODY = YES;
				CLANG_WARN_ENUM_CONVERSION = YES;
				CLANG_WARN_INFINITE_RECURSION = YES;
				CLANG_WARN_INT_CONVERSION = YES;
				CLANG_WARN_NON_LITERAL_NULL_CONVERSION = YES;
				CLANG_WARN_OBJC_IMPLICIT_RETAIN_SELF = YES;
				CLANG_WARN_OBJC_LITERAL_CONVERSION = YES;
				CLANG_WARN_OBJC_ROOT_CLASS = YES_ERROR;
				CLANG_WARN_RANGE_LOOP_ANALYSIS = YES;
				CLANG_WARN_STRICT_PROTOTYPES = YES;
				CLANG_WARN_SUSPICIOUS_MOVE = YES;
				CLANG_WARN_UNGUARDED_AVAILABILITY = YES_AGGRESSIVE;
				CLANG_WARN_UNREACHABLE_CODE = YES;
				CLANG_WARN__DUPLICATE_METHOD_MATCH = YES;
				CODE_SIGN_IDENTITY = "iPhone Developer";
				COPY_PHASE_STRIP = NO;
				DEBUG_INFORMATION_FORMAT = "dwarf-with-dsym";
				ENABLE_NS_ASSERTIONS = NO;
				ENABLE_STRICT_OBJC_MSGSEND = YES;
				GCC_C_LANGUAGE_STANDARD = gnu11;
				GCC_NO_COMMON_BLOCKS = YES;
				GCC_WARN_64_TO_32_BIT_CONVERSION = YES;
				GCC_WARN_ABOUT_RETURN_TYPE = YES_ERROR;
				GCC_WARN_UNDECLARED_SELECTOR = YES;
				GCC_WARN_UNINITIALIZED_AUTOS = YES_AGGRESSIVE;
				GCC_WARN_UNUSED_FUNCTION = YES;
				GCC_WARN_UNUSED_VARIABLE = YES;
				IPHONEOS_DEPLOYMENT_TARGET = 12.2;
				MTL_ENABLE_DEBUG_INFO = NO;
				MTL_FAST_MATH = YES;
				SDKROOT = iphoneos;
				SWIFT_COMPILATION_MODE = wholemodule;
				SWIFT_OPTIMIZATION_LEVEL = "-O";
				VALIDATE_PRODUCT = YES;
			};
			name = Release;
		};
		F64795CB22E0D61100C7415B /* Debug */ = {
			isa = XCBuildConfiguration;
			buildSettings = {
				ASSETCATALOG_COMPILER_APPICON_NAME = AppIcon;
				CODE_SIGN_STYLE = Automatic;
				DEVELOPMENT_TEAM = CFV9N227P7;
				INFOPLIST_FILE = Snake2/Info.plist;
				LD_RUNPATH_SEARCH_PATHS = (
					"$(inherited)",
					"@executable_path/Frameworks",
				);
				PRODUCT_BUNDLE_IDENTIFIER = AlbertLLC.Snake2;
				PRODUCT_NAME = "$(TARGET_NAME)";
				SWIFT_VERSION = 5.0;
				TARGETED_DEVICE_FAMILY = "1,2";
			};
			name = Debug;
		};
		F64795CC22E0D61100C7415B /* Release */ = {
			isa = XCBuildConfiguration;
			buildSettings = {
				ASSETCATALOG_COMPILER_APPICON_NAME = AppIcon;
				CODE_SIGN_STYLE = Automatic;
				DEVELOPMENT_TEAM = CFV9N227P7;
				INFOPLIST_FILE = Snake2/Info.plist;
				LD_RUNPATH_SEARCH_PATHS = (
					"$(inherited)",
					"@executable_path/Frameworks",
				);
				PRODUCT_BUNDLE_IDENTIFIER = AlbertLLC.Snake2;
				PRODUCT_NAME = "$(TARGET_NAME)";
				SWIFT_VERSION = 5.0;
				TARGETED_DEVICE_FAMILY = "1,2";
			};
			name = Release;
		};
/* End XCBuildConfiguration section */

/* Begin XCConfigurationList section */
		F64795AD22E0D61100C7415B /* Build configuration list for PBXProject "Snake2" */ = {
			isa = XCConfigurationList;
			buildConfigurations = (
				F64795C822E0D61100C7415B /* Debug */,
				F64795C922E0D61100C7415B /* Release */,
			);
			defaultConfigurationIsVisible = 0;
			defaultConfigurationName = Release;
		};
		F64795CA22E0D61100C7415B /* Build configuration list for PBXNativeTarget "Snake2" */ = {
			isa = XCConfigurationList;
			buildConfigurations = (
				F64795CB22E0D61100C7415B /* Debug */,
				F64795CC22E0D61100C7415B /* Release */,
			);
			defaultConfigurationIsVisible = 0;
			defaultConfigurationName = Release;
		};
/* End XCConfigurationList section */
	};
	rootObject = F64795AA22E0D61100C7415B /* Project object */;
}
